// !$*UTF8*$!
{
	archiveVersion = 1;
	classes = {
	};
	objectVersion = 50;
	objects = {

/* Begin PBXBuildFile section */
		B91AED4A24AF316600BCC1A6 /* AppDelegate.m in Sources */ = {isa = PBXBuildFile; fileRef = B91AED4924AF316600BCC1A6 /* AppDelegate.m */; };
		B91AED4D24AF316600BCC1A6 /* SceneDelegate.m in Sources */ = {isa = PBXBuildFile; fileRef = B91AED4C24AF316600BCC1A6 /* SceneDelegate.m */; };
		B91AED5024AF316600BCC1A6 /* ViewController.m in Sources */ = {isa = PBXBuildFile; fileRef = B91AED4F24AF316600BCC1A6 /* ViewController.m */; };
		B91AED5324AF316600BCC1A6 /* Main.storyboard in Resources */ = {isa = PBXBuildFile; fileRef = B91AED5124AF316600BCC1A6 /* Main.storyboard */; };
		B91AED5524AF316A00BCC1A6 /* Assets.xcassets in Resources */ = {isa = PBXBuildFile; fileRef = B91AED5424AF316A00BCC1A6 /* Assets.xcassets */; };
		B91AED5824AF316A00BCC1A6 /* LaunchScreen.storyboard in Resources */ = {isa = PBXBuildFile; fileRef = B91AED5624AF316A00BCC1A6 /* LaunchScreen.storyboard */; };
		B91AED5B24AF316A00BCC1A6 /* main.m in Sources */ = {isa = PBXBuildFile; fileRef = B91AED5A24AF316A00BCC1A6 /* main.m */; };
		B91AED6524AF316B00BCC1A6 /* HcdImageVideoMakerTests.m in Sources */ = {isa = PBXBuildFile; fileRef = B91AED6424AF316B00BCC1A6 /* HcdImageVideoMakerTests.m */; };
		B91AED7024AF316B00BCC1A6 /* HcdImageVideoMakerUITests.m in Sources */ = {isa = PBXBuildFile; fileRef = B91AED6F24AF316B00BCC1A6 /* HcdImageVideoMakerUITests.m */; };
		B91AED8124B0A97200BCC1A6 /* HcdVideoMaker.m in Sources */ = {isa = PBXBuildFile; fileRef = B91AED8024B0A97200BCC1A6 /* HcdVideoMaker.m */; };
		B94D8ABE24B1658A001C4DEC /* HcdVideoExporter.m in Sources */ = {isa = PBXBuildFile; fileRef = B94D8ABD24B1658A001C4DEC /* HcdVideoExporter.m */; };
		B94D8AC124B165CA001C4DEC /* HcdFileManager.m in Sources */ = {isa = PBXBuildFile; fileRef = B94D8AC024B165CA001C4DEC /* HcdFileManager.m */; };
		B94D8AC724B1669F001C4DEC /* UIImage+HAdd.m in Sources */ = {isa = PBXBuildFile; fileRef = B94D8AC624B1669F001C4DEC /* UIImage+HAdd.m */; };
		B94D8ACC24B20BC4001C4DEC /* Sound.mp3 in Resources */ = {isa = PBXBuildFile; fileRef = B94D8ACB24B20BC4001C4DEC /* Sound.mp3 */; };
/* End PBXBuildFile section */

/* Begin PBXContainerItemProxy section */
		B91AED6124AF316B00BCC1A6 /* PBXContainerItemProxy */ = {
			isa = PBXContainerItemProxy;
			containerPortal = B91AED3D24AF316600BCC1A6 /* Project object */;
			proxyType = 1;
			remoteGlobalIDString = B91AED4424AF316600BCC1A6;
			remoteInfo = HcdImageVideoMaker;
		};
		B91AED6C24AF316B00BCC1A6 /* PBXContainerItemProxy */ = {
			isa = PBXContainerItemProxy;
			containerPortal = B91AED3D24AF316600BCC1A6 /* Project object */;
			proxyType = 1;
			remoteGlobalIDString = B91AED4424AF316600BCC1A6;
			remoteInfo = HcdImageVideoMaker;
		};
/* End PBXContainerItemProxy section */

/* Begin PBXFileReference section */
		B91AED4524AF316600BCC1A6 /* HcdImageVideoMaker.app */ = {isa = PBXFileReference; explicitFileType = wrapper.application; includeInIndex = 0; path = HcdImageVideoMaker.app; sourceTree = BUILT_PRODUCTS_DIR; };
		B91AED4824AF316600BCC1A6 /* AppDelegate.h */ = {isa = PBXFileReference; lastKnownFileType = sourcecode.c.h; path = AppDelegate.h; sourceTree = "<group>"; };
		B91AED4924AF316600BCC1A6 /* AppDelegate.m */ = {isa = PBXFileReference; lastKnownFileType = sourcecode.c.objc; path = AppDelegate.m; sourceTree = "<group>"; };
		B91AED4B24AF316600BCC1A6 /* SceneDelegate.h */ = {isa = PBXFileReference; lastKnownFileType = sourcecode.c.h; path = SceneDelegate.h; sourceTree = "<group>"; };
		B91AED4C24AF316600BCC1A6 /* SceneDelegate.m */ = {isa = PBXFileReference; lastKnownFileType = sourcecode.c.objc; path = SceneDelegate.m; sourceTree = "<group>"; };
		B91AED4E24AF316600BCC1A6 /* ViewController.h */ = {isa = PBXFileReference; lastKnownFileType = sourcecode.c.h; path = ViewController.h; sourceTree = "<group>"; };
		B91AED4F24AF316600BCC1A6 /* ViewController.m */ = {isa = PBXFileReference; lastKnownFileType = sourcecode.c.objc; path = ViewController.m; sourceTree = "<group>"; };
		B91AED5224AF316600BCC1A6 /* Base */ = {isa = PBXFileReference; lastKnownFileType = file.storyboard; name = Base; path = Base.lproj/Main.storyboard; sourceTree = "<group>"; };
		B91AED5424AF316A00BCC1A6 /* Assets.xcassets */ = {isa = PBXFileReference; lastKnownFileType = folder.assetcatalog; path = Assets.xcassets; sourceTree = "<group>"; };
		B91AED5724AF316A00BCC1A6 /* Base */ = {isa = PBXFileReference; lastKnownFileType = file.storyboard; name = Base; path = Base.lproj/LaunchScreen.storyboard; sourceTree = "<group>"; };
		B91AED5924AF316A00BCC1A6 /* Info.plist */ = {isa = PBXFileReference; lastKnownFileType = text.plist.xml; path = Info.plist; sourceTree = "<group>"; };
		B91AED5A24AF316A00BCC1A6 /* main.m */ = {isa = PBXFileReference; lastKnownFileType = sourcecode.c.objc; path = main.m; sourceTree = "<group>"; };
		B91AED6024AF316B00BCC1A6 /* HcdImageVideoMakerTests.xctest */ = {isa = PBXFileReference; explicitFileType = wrapper.cfbundle; includeInIndex = 0; path = HcdImageVideoMakerTests.xctest; sourceTree = BUILT_PRODUCTS_DIR; };
		B91AED6424AF316B00BCC1A6 /* HcdImageVideoMakerTests.m */ = {isa = PBXFileReference; lastKnownFileType = sourcecode.c.objc; path = HcdImageVideoMakerTests.m; sourceTree = "<group>"; };
		B91AED6624AF316B00BCC1A6 /* Info.plist */ = {isa = PBXFileReference; lastKnownFileType = text.plist.xml; path = Info.plist; sourceTree = "<group>"; };
		B91AED6B24AF316B00BCC1A6 /* HcdImageVideoMakerUITests.xctest */ = {isa = PBXFileReference; explicitFileType = wrapper.cfbundle; includeInIndex = 0; path = HcdImageVideoMakerUITests.xctest; sourceTree = BUILT_PRODUCTS_DIR; };
		B91AED6F24AF316B00BCC1A6 /* HcdImageVideoMakerUITests.m */ = {isa = PBXFileReference; lastKnownFileType = sourcecode.c.objc; path = HcdImageVideoMakerUITests.m; sourceTree = "<group>"; };
		B91AED7124AF316B00BCC1A6 /* Info.plist */ = {isa = PBXFileReference; lastKnownFileType = text.plist.xml; path = Info.plist; sourceTree = "<group>"; };
		B91AED7F24B0A97200BCC1A6 /* HcdVideoMaker.h */ = {isa = PBXFileReference; lastKnownFileType = sourcecode.c.h; path = HcdVideoMaker.h; sourceTree = "<group>"; };
		B91AED8024B0A97200BCC1A6 /* HcdVideoMaker.m */ = {isa = PBXFileReference; lastKnownFileType = sourcecode.c.objc; path = HcdVideoMaker.m; sourceTree = "<group>"; };
		B94D8ABC24B1658A001C4DEC /* HcdVideoExporter.h */ = {isa = PBXFileReference; lastKnownFileType = sourcecode.c.h; path = HcdVideoExporter.h; sourceTree = "<group>"; };
		B94D8ABD24B1658A001C4DEC /* HcdVideoExporter.m */ = {isa = PBXFileReference; lastKnownFileType = sourcecode.c.objc; path = HcdVideoExporter.m; sourceTree = "<group>"; };
		B94D8ABF24B165CA001C4DEC /* HcdFileManager.h */ = {isa = PBXFileReference; lastKnownFileType = sourcecode.c.h; path = HcdFileManager.h; sourceTree = "<group>"; };
		B94D8AC024B165CA001C4DEC /* HcdFileManager.m */ = {isa = PBXFileReference; lastKnownFileType = sourcecode.c.objc; path = HcdFileManager.m; sourceTree = "<group>"; };
		B94D8AC524B1669F001C4DEC /* UIImage+HAdd.h */ = {isa = PBXFileReference; lastKnownFileType = sourcecode.c.h; path = "UIImage+HAdd.h"; sourceTree = "<group>"; };
		B94D8AC624B1669F001C4DEC /* UIImage+HAdd.m */ = {isa = PBXFileReference; lastKnownFileType = sourcecode.c.objc; path = "UIImage+HAdd.m"; sourceTree = "<group>"; };
		B94D8ACB24B20BC4001C4DEC /* Sound.mp3 */ = {isa = PBXFileReference; lastKnownFileType = audio.mp3; path = Sound.mp3; sourceTree = "<group>"; };
/* End PBXFileReference section */

/* Begin PBXFrameworksBuildPhase section */
		B91AED4224AF316600BCC1A6 /* Frameworks */ = {
			isa = PBXFrameworksBuildPhase;
			buildActionMask = 2147483647;
			files = (
			);
			runOnlyForDeploymentPostprocessing = 0;
		};
		B91AED5D24AF316B00BCC1A6 /* Frameworks */ = {
			isa = PBXFrameworksBuildPhase;
			buildActionMask = 2147483647;
			files = (
			);
			runOnlyForDeploymentPostprocessing = 0;
		};
		B91AED6824AF316B00BCC1A6 /* Frameworks */ = {
			isa = PBXFrameworksBuildPhase;
			buildActionMask = 2147483647;
			files = (
			);
			runOnlyForDeploymentPostprocessing = 0;
		};
/* End PBXFrameworksBuildPhase section */

/* Begin PBXGroup section */
		B91AED3C24AF316500BCC1A6 = {
			isa = PBXGroup;
			children = (
				B91AED7E24B0A11800BCC1A6 /* Assets */,
				B91AED7D24B0A10500BCC1A6 /* Classes */,
				B91AED4724AF316600BCC1A6 /* HcdImageVideoMaker */,
				B91AED6324AF316B00BCC1A6 /* HcdImageVideoMakerTests */,
				B91AED6E24AF316B00BCC1A6 /* HcdImageVideoMakerUITests */,
				B91AED4624AF316600BCC1A6 /* Products */,
			);
			sourceTree = "<group>";
		};
		B91AED4624AF316600BCC1A6 /* Products */ = {
			isa = PBXGroup;
			children = (
				B91AED4524AF316600BCC1A6 /* HcdImageVideoMaker.app */,
				B91AED6024AF316B00BCC1A6 /* HcdImageVideoMakerTests.xctest */,
				B91AED6B24AF316B00BCC1A6 /* HcdImageVideoMakerUITests.xctest */,
			);
			name = Products;
			sourceTree = "<group>";
		};
		B91AED4724AF316600BCC1A6 /* HcdImageVideoMaker */ = {
			isa = PBXGroup;
			children = (
				B91AED4824AF316600BCC1A6 /* AppDelegate.h */,
				B91AED4924AF316600BCC1A6 /* AppDelegate.m */,
				B91AED4B24AF316600BCC1A6 /* SceneDelegate.h */,
				B91AED4C24AF316600BCC1A6 /* SceneDelegate.m */,
				B91AED4E24AF316600BCC1A6 /* ViewController.h */,
				B91AED4F24AF316600BCC1A6 /* ViewController.m */,
				B91AED5124AF316600BCC1A6 /* Main.storyboard */,
				B91AED5424AF316A00BCC1A6 /* Assets.xcassets */,
				B91AED5624AF316A00BCC1A6 /* LaunchScreen.storyboard */,
				B91AED5924AF316A00BCC1A6 /* Info.plist */,
				B91AED5A24AF316A00BCC1A6 /* main.m */,
			);
			path = HcdImageVideoMaker;
			sourceTree = "<group>";
		};
		B91AED6324AF316B00BCC1A6 /* HcdImageVideoMakerTests */ = {
			isa = PBXGroup;
			children = (
				B91AED6424AF316B00BCC1A6 /* HcdImageVideoMakerTests.m */,
				B91AED6624AF316B00BCC1A6 /* Info.plist */,
			);
			path = HcdImageVideoMakerTests;
			sourceTree = "<group>";
		};
		B91AED6E24AF316B00BCC1A6 /* HcdImageVideoMakerUITests */ = {
			isa = PBXGroup;
			children = (
				B91AED6F24AF316B00BCC1A6 /* HcdImageVideoMakerUITests.m */,
				B91AED7124AF316B00BCC1A6 /* Info.plist */,
			);
			path = HcdImageVideoMakerUITests;
			sourceTree = "<group>";
		};
		B91AED7D24B0A10500BCC1A6 /* Classes */ = {
			isa = PBXGroup;
			children = (
				B91AED7F24B0A97200BCC1A6 /* HcdVideoMaker.h */,
				B91AED8024B0A97200BCC1A6 /* HcdVideoMaker.m */,
				B94D8ABC24B1658A001C4DEC /* HcdVideoExporter.h */,
				B94D8ABD24B1658A001C4DEC /* HcdVideoExporter.m */,
				B94D8ABF24B165CA001C4DEC /* HcdFileManager.h */,
				B94D8AC024B165CA001C4DEC /* HcdFileManager.m */,
				B94D8AC524B1669F001C4DEC /* UIImage+HAdd.h */,
				B94D8AC624B1669F001C4DEC /* UIImage+HAdd.m */,
			);
			path = Classes;
			sourceTree = "<group>";
		};
		B91AED7E24B0A11800BCC1A6 /* Assets */ = {
			isa = PBXGroup;
			children = (
				B94D8ACB24B20BC4001C4DEC /* Sound.mp3 */,
			);
			path = Assets;
			sourceTree = "<group>";
		};
/* End PBXGroup section */

/* Begin PBXNativeTarget section */
		B91AED4424AF316600BCC1A6 /* HcdImageVideoMaker */ = {
			isa = PBXNativeTarget;
			buildConfigurationList = B91AED7424AF316B00BCC1A6 /* Build configuration list for PBXNativeTarget "HcdImageVideoMaker" */;
			buildPhases = (
				B91AED4124AF316600BCC1A6 /* Sources */,
				B91AED4224AF316600BCC1A6 /* Frameworks */,
				B91AED4324AF316600BCC1A6 /* Resources */,
			);
			buildRules = (
			);
			dependencies = (
			);
			name = HcdImageVideoMaker;
			productName = HcdImageVideoMaker;
			productReference = B91AED4524AF316600BCC1A6 /* HcdImageVideoMaker.app */;
			productType = "com.apple.product-type.application";
		};
		B91AED5F24AF316B00BCC1A6 /* HcdImageVideoMakerTests */ = {
			isa = PBXNativeTarget;
			buildConfigurationList = B91AED7724AF316B00BCC1A6 /* Build configuration list for PBXNativeTarget "HcdImageVideoMakerTests" */;
			buildPhases = (
				B91AED5C24AF316B00BCC1A6 /* Sources */,
				B91AED5D24AF316B00BCC1A6 /* Frameworks */,
				B91AED5E24AF316B00BCC1A6 /* Resources */,
			);
			buildRules = (
			);
			dependencies = (
				B91AED6224AF316B00BCC1A6 /* PBXTargetDependency */,
			);
			name = HcdImageVideoMakerTests;
			productName = HcdImageVideoMakerTests;
			productReference = B91AED6024AF316B00BCC1A6 /* HcdImageVideoMakerTests.xctest */;
			productType = "com.apple.product-type.bundle.unit-test";
		};
		B91AED6A24AF316B00BCC1A6 /* HcdImageVideoMakerUITests */ = {
			isa = PBXNativeTarget;
			buildConfigurationList = B91AED7A24AF316B00BCC1A6 /* Build configuration list for PBXNativeTarget "HcdImageVideoMakerUITests" */;
			buildPhases = (
				B91AED6724AF316B00BCC1A6 /* Sources */,
				B91AED6824AF316B00BCC1A6 /* Frameworks */,
				B91AED6924AF316B00BCC1A6 /* Resources */,
			);
			buildRules = (
			);
			dependencies = (
				B91AED6D24AF316B00BCC1A6 /* PBXTargetDependency */,
			);
			name = HcdImageVideoMakerUITests;
			productName = HcdImageVideoMakerUITests;
			productReference = B91AED6B24AF316B00BCC1A6 /* HcdImageVideoMakerUITests.xctest */;
			productType = "com.apple.product-type.bundle.ui-testing";
		};
/* End PBXNativeTarget section */

/* Begin PBXProject section */
		B91AED3D24AF316600BCC1A6 /* Project object */ = {
			isa = PBXProject;
			attributes = {
				LastUpgradeCheck = 1150;
				ORGANIZATIONNAME = Salvador;
				TargetAttributes = {
					B91AED4424AF316600BCC1A6 = {
						CreatedOnToolsVersion = 11.5;
					};
					B91AED5F24AF316B00BCC1A6 = {
						CreatedOnToolsVersion = 11.5;
						TestTargetID = B91AED4424AF316600BCC1A6;
					};
					B91AED6A24AF316B00BCC1A6 = {
						CreatedOnToolsVersion = 11.5;
						TestTargetID = B91AED4424AF316600BCC1A6;
					};
				};
			};
			buildConfigurationList = B91AED4024AF316600BCC1A6 /* Build configuration list for PBXProject "HcdImageVideoMaker" */;
			compatibilityVersion = "Xcode 9.3";
			developmentRegion = en;
			hasScannedForEncodings = 0;
			knownRegions = (
				en,
				Base,
			);
			mainGroup = B91AED3C24AF316500BCC1A6;
			productRefGroup = B91AED4624AF316600BCC1A6 /* Products */;
			projectDirPath = "";
			projectRoot = "";
			targets = (
				B91AED4424AF316600BCC1A6 /* HcdImageVideoMaker */,
				B91AED5F24AF316B00BCC1A6 /* HcdImageVideoMakerTests */,
				B91AED6A24AF316B00BCC1A6 /* HcdImageVideoMakerUITests */,
			);
		};
/* End PBXProject section */

/* Begin PBXResourcesBuildPhase section */
		B91AED4324AF316600BCC1A6 /* Resources */ = {
			isa = PBXResourcesBuildPhase;
			buildActionMask = 2147483647;
			files = (
				B94D8ACC24B20BC4001C4DEC /* Sound.mp3 in Resources */,
				B91AED5824AF316A00BCC1A6 /* LaunchScreen.storyboard in Resources */,
				B91AED5524AF316A00BCC1A6 /* Assets.xcassets in Resources */,
				B91AED5324AF316600BCC1A6 /* Main.storyboard in Resources */,
			);
			runOnlyForDeploymentPostprocessing = 0;
		};
		B91AED5E24AF316B00BCC1A6 /* Resources */ = {
			isa = PBXResourcesBuildPhase;
			buildActionMask = 2147483647;
			files = (
			);
			runOnlyForDeploymentPostprocessing = 0;
		};
		B91AED6924AF316B00BCC1A6 /* Resources */ = {
			isa = PBXResourcesBuildPhase;
			buildActionMask = 2147483647;
			files = (
			);
			runOnlyForDeploymentPostprocessing = 0;
		};
/* End PBXResourcesBuildPhase section */

/* Begin PBXSourcesBuildPhase section */
		B91AED4124AF316600BCC1A6 /* Sources */ = {
			isa = PBXSourcesBuildPhase;
			buildActionMask = 2147483647;
			files = (
				B91AED8124B0A97200BCC1A6 /* HcdVideoMaker.m in Sources */,
				B91AED5024AF316600BCC1A6 /* ViewController.m in Sources */,
				B94D8ABE24B1658A001C4DEC /* HcdVideoExporter.m in Sources */,
				B91AED4A24AF316600BCC1A6 /* AppDelegate.m in Sources */,
				B91AED5B24AF316A00BCC1A6 /* main.m in Sources */,
				B94D8AC124B165CA001C4DEC /* HcdFileManager.m in Sources */,
				B94D8AC724B1669F001C4DEC /* UIImage+HAdd.m in Sources */,
				B91AED4D24AF316600BCC1A6 /* SceneDelegate.m in Sources */,
			);
			runOnlyForDeploymentPostprocessing = 0;
		};
		B91AED5C24AF316B00BCC1A6 /* Sources */ = {
			isa = PBXSourcesBuildPhase;
			buildActionMask = 2147483647;
			files = (
				B91AED6524AF316B00BCC1A6 /* HcdImageVideoMakerTests.m in Sources */,
			);
			runOnlyForDeploymentPostprocessing = 0;
		};
		B91AED6724AF316B00BCC1A6 /* Sources */ = {
			isa = PBXSourcesBuildPhase;
			buildActionMask = 2147483647;
			files = (
				B91AED7024AF316B00BCC1A6 /* HcdImageVideoMakerUITests.m in Sources */,
			);
			runOnlyForDeploymentPostprocessing = 0;
		};
/* End PBXSourcesBuildPhase section */

/* Begin PBXTargetDependency section */
		B91AED6224AF316B00BCC1A6 /* PBXTargetDependency */ = {
			isa = PBXTargetDependency;
			target = B91AED4424AF316600BCC1A6 /* HcdImageVideoMaker */;
			targetProxy = B91AED6124AF316B00BCC1A6 /* PBXContainerItemProxy */;
		};
		B91AED6D24AF316B00BCC1A6 /* PBXTargetDependency */ = {
			isa = PBXTargetDependency;
			target = B91AED4424AF316600BCC1A6 /* HcdImageVideoMaker */;
			targetProxy = B91AED6C24AF316B00BCC1A6 /* PBXContainerItemProxy */;
		};
/* End PBXTargetDependency section */

/* Begin PBXVariantGroup section */
		B91AED5124AF316600BCC1A6 /* Main.storyboard */ = {
			isa = PBXVariantGroup;
			children = (
				B91AED5224AF316600BCC1A6 /* Base */,
			);
			name = Main.storyboard;
			sourceTree = "<group>";
		};
		B91AED5624AF316A00BCC1A6 /* LaunchScreen.storyboard */ = {
			isa = PBXVariantGroup;
			children = (
				B91AED5724AF316A00BCC1A6 /* Base */,
			);
			name = LaunchScreen.storyboard;
			sourceTree = "<group>";
		};
/* End PBXVariantGroup section */

/* Begin XCBuildConfiguration section */
		B91AED7224AF316B00BCC1A6 /* Debug */ = {
			isa = XCBuildConfiguration;
			buildSettings = {
				ALWAYS_SEARCH_USER_PATHS = NO;
				CLANG_ANALYZER_NONNULL = YES;
				CLANG_ANALYZER_NUMBER_OBJECT_CONVERSION = YES_AGGRESSIVE;
				CLANG_CXX_LANGUAGE_STANDARD = "gnu++14";
				CLANG_CXX_LIBRARY = "libc++";
				CLANG_ENABLE_MODULES = YES;
				CLANG_ENABLE_OBJC_ARC = YES;
				CLANG_ENABLE_OBJC_WEAK = YES;
				CLANG_WARN_BLOCK_CAPTURE_AUTORELEASING = YES;
				CLANG_WARN_BOOL_CONVERSION = YES;
				CLANG_WARN_COMMA = YES;
				CLANG_WARN_CONSTANT_CONVERSION = YES;
				CLANG_WARN_DEPRECATED_OBJC_IMPLEMENTATIONS = YES;
				CLANG_WARN_DIRECT_OBJC_ISA_USAGE = YES_ERROR;
				CLANG_WARN_DOCUMENTATION_COMMENTS = YES;
				CLANG_WARN_EMPTY_BODY = YES;
				CLANG_WARN_ENUM_CONVERSION = YES;
				CLANG_WARN_INFINITE_RECURSION = YES;
				CLANG_WARN_INT_CONVERSION = YES;
				CLANG_WARN_NON_LITERAL_NULL_CONVERSION = YES;
				CLANG_WARN_OBJC_IMPLICIT_RETAIN_SELF = YES;
				CLANG_WARN_OBJC_LITERAL_CONVERSION = YES;
				CLANG_WARN_OBJC_ROOT_CLASS = YES_ERROR;
				CLANG_WARN_RANGE_LOOP_ANALYSIS = YES;
				CLANG_WARN_STRICT_PROTOTYPES = YES;
				CLANG_WARN_SUSPICIOUS_MOVE = YES;
				CLANG_WARN_UNGUARDED_AVAILABILITY = YES_AGGRESSIVE;
				CLANG_WARN_UNREACHABLE_CODE = YES;
				CLANG_WARN__DUPLICATE_METHOD_MATCH = YES;
				COPY_PHASE_STRIP = NO;
				DEBUG_INFORMATION_FORMAT = dwarf;
				ENABLE_STRICT_OBJC_MSGSEND = YES;
				ENABLE_TESTABILITY = YES;
				GCC_C_LANGUAGE_STANDARD = gnu11;
				GCC_DYNAMIC_NO_PIC = NO;
				GCC_NO_COMMON_BLOCKS = YES;
				GCC_OPTIMIZATION_LEVEL = 0;
				GCC_PREPROCESSOR_DEFINITIONS = (
					"DEBUG=1",
					"$(inherited)",
				);
				GCC_WARN_64_TO_32_BIT_CONVERSION = YES;
				GCC_WARN_ABOUT_RETURN_TYPE = YES_ERROR;
				GCC_WARN_UNDECLARED_SELECTOR = YES;
				GCC_WARN_UNINITIALIZED_AUTOS = YES_AGGRESSIVE;
				GCC_WARN_UNUSED_FUNCTION = YES;
				GCC_WARN_UNUSED_VARIABLE = YES;
				IPHONEOS_DEPLOYMENT_TARGET = 13.5;
				MTL_ENABLE_DEBUG_INFO = INCLUDE_SOURCE;
				MTL_FAST_MATH = YES;
				ONLY_ACTIVE_ARCH = YES;
				SDKROOT = iphoneos;
			};
			name = Debug;
		};
		B91AED7324AF316B00BCC1A6 /* Release */ = {
			isa = XCBuildConfiguration;
			buildSettings = {
				ALWAYS_SEARCH_USER_PATHS = NO;
				CLANG_ANALYZER_NONNULL = YES;
				CLANG_ANALYZER_NUMBER_OBJECT_CONVERSION = YES_AGGRESSIVE;
				CLANG_CXX_LANGUAGE_STANDARD = "gnu++14";
				CLANG_CXX_LIBRARY = "libc++";
				CLANG_ENABLE_MODULES = YES;
				CLANG_ENABLE_OBJC_ARC = YES;
				CLANG_ENABLE_OBJC_WEAK = YES;
				CLANG_WARN_BLOCK_CAPTURE_AUTORELEASING = YES;
				CLANG_WARN_BOOL_CONVERSION = YES;
				CLANG_WARN_COMMA = YES;
				CLANG_WARN_CONSTANT_CONVERSION = YES;
				CLANG_WARN_DEPRECATED_OBJC_IMPLEMENTATIONS = YES;
				CLANG_WARN_DIRECT_OBJC_ISA_USAGE = YES_ERROR;
				CLANG_WARN_DOCUMENTATION_COMMENTS = YES;
				CLANG_WARN_EMPTY_BODY = YES;
				CLANG_WARN_ENUM_CONVERSION = YES;
				CLANG_WARN_INFINITE_RECURSION = YES;
				CLANG_WARN_INT_CONVERSION = YES;
				CLANG_WARN_NON_LITERAL_NULL_CONVERSION = YES;
				CLANG_WARN_OBJC_IMPLICIT_RETAIN_SELF = YES;
				CLANG_WARN_OBJC_LITERAL_CONVERSION = YES;
				CLANG_WARN_OBJC_ROOT_CLASS = YES_ERROR;
				CLANG_WARN_RANGE_LOOP_ANALYSIS = YES;
				CLANG_WARN_STRICT_PROTOTYPES = YES;
				CLANG_WARN_SUSPICIOUS_MOVE = YES;
				CLANG_WARN_UNGUARDED_AVAILABILITY = YES_AGGRESSIVE;
				CLANG_WARN_UNREACHABLE_CODE = YES;
				CLANG_WARN__DUPLICATE_METHOD_MATCH = YES;
				COPY_PHASE_STRIP = NO;
				DEBUG_INFORMATION_FORMAT = "dwarf-with-dsym";
				ENABLE_NS_ASSERTIONS = NO;
				ENABLE_STRICT_OBJC_MSGSEND = YES;
				GCC_C_LANGUAGE_STANDARD = gnu11;
				GCC_NO_COMMON_BLOCKS = YES;
				GCC_WARN_64_TO_32_BIT_CONVERSION = YES;
				GCC_WARN_ABOUT_RETURN_TYPE = YES_ERROR;
				GCC_WARN_UNDECLARED_SELECTOR = YES;
				GCC_WARN_UNINITIALIZED_AUTOS = YES_AGGRESSIVE;
				GCC_WARN_UNUSED_FUNCTION = YES;
				GCC_WARN_UNUSED_VARIABLE = YES;
				IPHONEOS_DEPLOYMENT_TARGET = 13.5;
				MTL_ENABLE_DEBUG_INFO = NO;
				MTL_FAST_MATH = YES;
				SDKROOT = iphoneos;
				VALIDATE_PRODUCT = YES;
			};
			name = Release;
		};
		B91AED7524AF316B00BCC1A6 /* Debug */ = {
			isa = XCBuildConfiguration;
			buildSettings = {
				ASSETCATALOG_COMPILER_APPICON_NAME = AppIcon;
				CODE_SIGN_STYLE = Automatic;
				DEVELOPMENT_TEAM = NLP5PZS8U3;
				INFOPLIST_FILE = HcdImageVideoMaker/Info.plist;
				IPHONEOS_DEPLOYMENT_TARGET = 10.0;
				LD_RUNPATH_SEARCH_PATHS = (
					"$(inherited)",
					"@executable_path/Frameworks",
				);
				PRODUCT_BUNDLE_IDENTIFIER = wang.jvaeyhcd.HcdImageVideoMaker;
				PRODUCT_NAME = "$(TARGET_NAME)";
				TARGETED_DEVICE_FAMILY = "1,2";
			};
			name = Debug;
		};
		B91AED7624AF316B00BCC1A6 /* Release */ = {
			isa = XCBuildConfiguration;
			buildSettings = {
				ASSETCATALOG_COMPILER_APPICON_NAME = AppIcon;
				CODE_SIGN_STYLE = Automatic;
				DEVELOPMENT_TEAM = NLP5PZS8U3;
				INFOPLIST_FILE = HcdImageVideoMaker/Info.plist;
				IPHONEOS_DEPLOYMENT_TARGET = 10.0;
				LD_RUNPATH_SEARCH_PATHS = (
					"$(inherited)",
					"@executable_path/Frameworks",
				);
				PRODUCT_BUNDLE_IDENTIFIER = wang.jvaeyhcd.HcdImageVideoMaker;
				PRODUCT_NAME = "$(TARGET_NAME)";
				TARGETED_DEVICE_FAMILY = "1,2";
			};
			name = Release;
		};
		B91AED7824AF316B00BCC1A6 /* Debug */ = {
			isa = XCBuildConfiguration;
			buildSettings = {
				BUNDLE_LOADER = "$(TEST_HOST)";
				CODE_SIGN_STYLE = Automatic;
				DEVELOPMENT_TEAM = NLP5PZS8U3;
				INFOPLIST_FILE = HcdImageVideoMakerTests/Info.plist;
				IPHONEOS_DEPLOYMENT_TARGET = 13.5;
				LD_RUNPATH_SEARCH_PATHS = (
					"$(inherited)",
					"@executable_path/Frameworks",
					"@loader_path/Frameworks",
				);
				PRODUCT_BUNDLE_IDENTIFIER = wang.jvaeyhcd.HcdImageVideoMakerTests;
				PRODUCT_NAME = "$(TARGET_NAME)";
				TARGETED_DEVICE_FAMILY = "1,2";
				TEST_HOST = "$(BUILT_PRODUCTS_DIR)/HcdImageVideoMaker.app/HcdImageVideoMaker";
			};
			name = Debug;
		};
		B91AED7924AF316B00BCC1A6 /* Release */ = {
			isa = XCBuildConfiguration;
			buildSettings = {
				BUNDLE_LOADER = "$(TEST_HOST)";
				CODE_SIGN_STYLE = Automatic;
				DEVELOPMENT_TEAM = NLP5PZS8U3;
				INFOPLIST_FILE = HcdImageVideoMakerTests/Info.plist;
				IPHONEOS_DEPLOYMENT_TARGET = 13.5;
				LD_RUNPATH_SEARCH_PATHS = (
					"$(inherited)",
					"@executable_path/Frameworks",
					"@loader_path/Frameworks",
				);
				PRODUCT_BUNDLE_IDENTIFIER = wang.jvaeyhcd.HcdImageVideoMakerTests;
				PRODUCT_NAME = "$(TARGET_NAME)";
				TARGETED_DEVICE_FAMILY = "1,2";
				TEST_HOST = "$(BUILT_PRODUCTS_DIR)/HcdImageVideoMaker.app/HcdImageVideoMaker";
			};
			name = Release;
		};
		B91AED7B24AF316B00BCC1A6 /* Debug */ = {
			isa = XCBuildConfiguration;
			buildSettings = {
				CODE_SIGN_STYLE = Automatic;
				DEVELOPMENT_TEAM = NLP5PZS8U3;
				INFOPLIST_FILE = HcdImageVideoMakerUITests/Info.plist;
				LD_RUNPATH_SEARCH_PATHS = (
					"$(inherited)",
					"@executable_path/Frameworks",
					"@loader_path/Frameworks",
				);
				PRODUCT_BUNDLE_IDENTIFIER = wang.jvaeyhcd.HcdImageVideoMakerUITests;
				PRODUCT_NAME = "$(TARGET_NAME)";
				TARGETED_DEVICE_FAMILY = "1,2";
				TEST_TARGET_NAME = HcdImageVideoMaker;
			};
			name = Debug;
		};
		B91AED7C24AF316B00BCC1A6 /* Release */ = {
			isa = XCBuildConfiguration;
			buildSettings = {
				CODE_SIGN_STYLE = Automatic;
				DEVELOPMENT_TEAM = NLP5PZS8U3;
				INFOPLIST_FILE = HcdImageVideoMakerUITests/Info.plist;
				LD_RUNPATH_SEARCH_PATHS = (
					"$(inherited)",
					"@executable_path/Frameworks",
					"@loader_path/Frameworks",
				);
				PRODUCT_BUNDLE_IDENTIFIER = wang.jvaeyhcd.HcdImageVideoMakerUITests;
				PRODUCT_NAME = "$(TARGET_NAME)";
				TARGETED_DEVICE_FAMILY = "1,2";
				TEST_TARGET_NAME = HcdImageVideoMaker;
			};
			name = Release;
		};
/* End XCBuildConfiguration section */

/* Begin XCConfigurationList section */
		B91AED4024AF316600BCC1A6 /* Build configuration list for PBXProject "HcdImageVideoMaker" */ = {
			isa = XCConfigurationList;
			buildConfigurations = (
				B91AED7224AF316B00BCC1A6 /* Debug */,
				B91AED7324AF316B00BCC1A6 /* Release */,
			);
			defaultConfigurationIsVisible = 0;
			defaultConfigurationName = Release;
		};
		B91AED7424AF316B00BCC1A6 /* Build configuration list for PBXNativeTarget "HcdImageVideoMaker" */ = {
			isa = XCConfigurationList;
			buildConfigurations = (
				B91AED7524AF316B00BCC1A6 /* Debug */,
				B91AED7624AF316B00BCC1A6 /* Release */,
			);
			defaultConfigurationIsVisible = 0;
			defaultConfigurationName = Release;
		};
		B91AED7724AF316B00BCC1A6 /* Build configuration list for PBXNativeTarget "HcdImageVideoMakerTests" */ = {
			isa = XCConfigurationList;
			buildConfigurations = (
				B91AED7824AF316B00BCC1A6 /* Debug */,
				B91AED7924AF316B00BCC1A6 /* Release */,
			);
			defaultConfigurationIsVisible = 0;
			defaultConfigurationName = Release;
		};
		B91AED7A24AF316B00BCC1A6 /* Build configuration list for PBXNativeTarget "HcdImageVideoMakerUITests" */ = {
			isa = XCConfigurationList;
			buildConfigurations = (
				B91AED7B24AF316B00BCC1A6 /* Debug */,
				B91AED7C24AF316B00BCC1A6 /* Release */,
			);
			defaultConfigurationIsVisible = 0;
			defaultConfigurationName = Release;
		};
/* End XCConfigurationList section */
	};
	rootObject = B91AED3D24AF316600BCC1A6 /* Project object */;
}
